
Microsoft Visual Studio Solution File, Format Version 12.00
# Visual Studio 15
VisualStudioVersion = 15.0.28010.2046
MinimumVisualStudioVersion = 10.0.40219.1
Project("{FAE04EC0-301F-11D3-BF4B-00C04F79EFBC}") = "Sapper", "Sapper\Sapper.csproj", "{38683DA5-F175-4CEE-9C99-A067DF642A69}"
EndProject
Global
	GlobalSection(SolutionConfigurationPlatforms) = preSolution
		Debug|Any CPU = Debug|Any CPU
		Release|Any CPU = Release|Any CPU
	EndGlobalSection
	GlobalSection(ProjectConfigurationPlatforms) = postSolution
		{38683DA5-F175-4CEE-9C99-A067DF642A69}.Debug|Any CPU.ActiveCfg = Debug|Any CPU
		{38683DA5-F175-4CEE-9C99-A067DF642A69}.Debug|Any CPU.Build.0 = Debug|Any CPU
		{38683DA5-F175-4CEE-9C99-A067DF642A69}.Release|Any CPU.ActiveCfg = Release|Any CPU
		{38683DA5-F175-4CEE-9C99-A067DF642A69}.Release|Any CPU.Build.0 = Release|Any CPU
	EndGlobalSection
	GlobalSection(SolutionProperties) = preSolution
		HideSolutionNode = FALSE
	EndGlobalSection
	GlobalSection(ExtensibilityGlobals) = postSolution
		SolutionGuid = {76FA4623-4435-4AFB-B493-BDD4CF84B55E}
	EndGlobalSection
EndGlobal
